// !$*UTF8*$!
{
	archiveVersion = 1;
	classes = {
	};
	objectVersion = 46;
	objects = {

/* Begin PBXBuildFile section */
		1D3623260D0F684500981E51 /* AppDelegate_iPad.m in Sources */ = {isa = PBXBuildFile; fileRef = 1D3623250D0F684500981E51 /* AppDelegate_iPad.m */; };
		1D60589B0D05DD56006BFB54 /* main.m in Sources */ = {isa = PBXBuildFile; fileRef = 29B97316FDCFA39411CA2CEA /* main.m */; };
		1D60589F0D05DD5A006BFB54 /* Foundation.framework in Frameworks */ = {isa = PBXBuildFile; fileRef = 1D30AB110D05D00D00671497 /* Foundation.framework */; };
		1DF5F4E00D08C38300B7A737 /* UIKit.framework in Frameworks */ = {isa = PBXBuildFile; fileRef = 1DF5F4DF0D08C38300B7A737 /* UIKit.framework */; };
		2819307D112F81BE00ECF9B4 /* Taggr.xcdatamodeld in Sources */ = {isa = PBXBuildFile; fileRef = 2819307C112F81BE00ECF9B4 /* Taggr.xcdatamodeld */; };
		2860E38A111B897F00E27156 /* AppDelegate_iPhone.m in Sources */ = {isa = PBXBuildFile; fileRef = 2860E388111B897F00E27156 /* AppDelegate_iPhone.m */; };
		2860E38B111B897F00E27156 /* MainWindow_iPhone.xib in Resources */ = {isa = PBXBuildFile; fileRef = 2860E389111B897F00E27156 /* MainWindow_iPhone.xib */; };
		288765FD0DF74451002DB57D /* CoreGraphics.framework in Frameworks */ = {isa = PBXBuildFile; fileRef = 288765FC0DF74451002DB57D /* CoreGraphics.framework */; };
		28AD733F0D9D9553002E5188 /* MainWindow_iPad.xib in Resources */ = {isa = PBXBuildFile; fileRef = 28AD733E0D9D9553002E5188 /* MainWindow_iPad.xib */; };
		28EEBFDD1118E19E00187D67 /* CoreData.framework in Frameworks */ = {isa = PBXBuildFile; fileRef = 28EEBFDC1118E19E00187D67 /* CoreData.framework */; };
		28EEC04B1118E28000187D67 /* AppDelegate_Shared.m in Sources */ = {isa = PBXBuildFile; fileRef = 28EEC04A1118E28000187D67 /* AppDelegate_Shared.m */; };
		68BFD80E13400186002AB719 /* tag.m in Sources */ = {isa = PBXBuildFile; fileRef = 68BFD80D13400186002AB719 /* tag.m */; };
		68BFD8A413400B76002AB719 /* libThree20UI.a in Frameworks */ = {isa = PBXBuildFile; fileRef = 68BFD8A113400B73002AB719 /* libThree20UI.a */; };
		68BFD8AF13400C81002AB719 /* QuartzCore.framework in Frameworks */ = {isa = PBXBuildFile; fileRef = 68BFD8AE13400C81002AB719 /* QuartzCore.framework */; };
		68BFD8E813400CAA002AB719 /* AddressBook.framework in Frameworks */ = {isa = PBXBuildFile; fileRef = 68BFD8E513400CAA002AB719 /* AddressBook.framework */; };
		68BFD8E913400CAA002AB719 /* AddressBookUI.framework in Frameworks */ = {isa = PBXBuildFile; fileRef = 68BFD8E613400CAA002AB719 /* AddressBookUI.framework */; };
		68BFD8EA13400CAA002AB719 /* SystemConfiguration.framework in Frameworks */ = {isa = PBXBuildFile; fileRef = 68BFD8E713400CAA002AB719 /* SystemConfiguration.framework */; };
		68BFD8EC13400CAF002AB719 /* MessageUI.framework in Frameworks */ = {isa = PBXBuildFile; fileRef = 68BFD8EB13400CAF002AB719 /* MessageUI.framework */; };
		68BFD91713400CCA002AB719 /* CoreLocation.framework in Frameworks */ = {isa = PBXBuildFile; fileRef = 68BFD91613400CCA002AB719 /* CoreLocation.framework */; };
		68BFD98213400D5B002AB719 /* libThree20UINavigator.a in Frameworks */ = {isa = PBXBuildFile; fileRef = 68BFD97613400D41002AB719 /* libThree20UINavigator.a */; };
		68BFD98313400D5C002AB719 /* libThree20UICommon.a in Frameworks */ = {isa = PBXBuildFile; fileRef = 68BFD97013400D41002AB719 /* libThree20UICommon.a */; };
		68BFD98413400D5D002AB719 /* libThree20Style.a in Frameworks */ = {isa = PBXBuildFile; fileRef = 68BFD96A13400D41002AB719 /* libThree20Style.a */; };
		68BFD98513400D5E002AB719 /* libThree20Network.a in Frameworks */ = {isa = PBXBuildFile; fileRef = 68BFD96413400D41002AB719 /* libThree20Network.a */; };
		68BFD98613400D5F002AB719 /* libThree20Core.a in Frameworks */ = {isa = PBXBuildFile; fileRef = 68BFD95E13400D41002AB719 /* libThree20Core.a */; };
		68BFD98713400D5F002AB719 /* libThree20.a in Frameworks */ = {isa = PBXBuildFile; fileRef = 68BFD94913400D34002AB719 /* libThree20.a */; };
		68BFDA46134013AA002AB719 /* libexoLibLean.a in Frameworks */ = {isa = PBXBuildFile; fileRef = 68BFDA3E1340130F002AB719 /* libexoLibLean.a */; };
		68BFDAB5134028D5002AB719 /* Three20.bundle in Resources */ = {isa = PBXBuildFile; fileRef = 68BFDAB4134028D5002AB719 /* Three20.bundle */; };
		793B95A41403AD16005CDE06 /* tagTTDataSource.m in Sources */ = {isa = PBXBuildFile; fileRef = 793B95A31403AD16005CDE06 /* tagTTDataSource.m */; };
		793B95A71403B411005CDE06 /* taggrNameViewController.m in Sources */ = {isa = PBXBuildFile; fileRef = 793B95A61403B411005CDE06 /* taggrNameViewController.m */; };
		79418099140DB8DE000E0113 /* taggrTabBarController.m in Sources */ = {isa = PBXBuildFile; fileRef = 79418098140DB8DE000E0113 /* taggrTabBarController.m */; };
		79418106140ED54A000E0113 /* editContactWithTagViewController.m in Sources */ = {isa = PBXBuildFile; fileRef = 79418105140ED54A000E0113 /* editContactWithTagViewController.m */; };
		7941810D1412CFEE000E0113 /* viewContactWithTagViewController.m in Sources */ = {isa = PBXBuildFile; fileRef = 7941810C1412CFED000E0113 /* viewContactWithTagViewController.m */; };
		79491D2714200B7700B05BA2 /* editTagDateViewController.m in Sources */ = {isa = PBXBuildFile; fileRef = 79491D2614200B7700B05BA2 /* editTagDateViewController.m */; };
		794ADC15140BD9300095FEDB /* taggrCellPickerTextField.m in Sources */ = {isa = PBXBuildFile; fileRef = 794ADC14140BD92F0095FEDB /* taggrCellPickerTextField.m */; };
		797E2999145494CA00E64287 /* TaggrIcon57.png in Resources */ = {isa = PBXBuildFile; fileRef = 797E2996145494CA00E64287 /* TaggrIcon57.png */; };
		797E299A145494CA00E64287 /* TaggrIcon72.png in Resources */ = {isa = PBXBuildFile; fileRef = 797E2997145494CA00E64287 /* TaggrIcon72.png */; };
		797E299B145494CA00E64287 /* TaggrIcon114.png in Resources */ = {isa = PBXBuildFile; fileRef = 797E2998145494CA00E64287 /* TaggrIcon114.png */; };
		79AA6AC3140651790088E087 /* tagViewController.m in Sources */ = {isa = PBXBuildFile; fileRef = 79AA6AC2140651790088E087 /* tagViewController.m */; };
		79ADA65F141AF30400ED2651 /* taggrDateViewController.m in Sources */ = {isa = PBXBuildFile; fileRef = 79ADA65E141AF30400ED2651 /* taggrDateViewController.m */; };
/* End PBXBuildFile section */

/* Begin PBXContainerItemProxy section */
		68BFD7E4133FF1F9002AB719 /* PBXContainerItemProxy */ = {
			isa = PBXContainerItemProxy;
			containerPortal = 68BFD7DF133FF1F9002AB719 /* exoLib.xcodeproj */;
			proxyType = 2;
			remoteGlobalIDString = D2AAC07E0554694100DB518D;
			remoteInfo = exoLib;
		};
		68BFD7E6133FF1F9002AB719 /* PBXContainerItemProxy */ = {
			isa = PBXContainerItemProxy;
			containerPortal = 68BFD7DF133FF1F9002AB719 /* exoLib.xcodeproj */;
			proxyType = 2;
			remoteGlobalIDString = 6883B60D120DE3DE009D8EA1;
			remoteInfo = "exoLib iPad";
		};
		68BFD8A013400B73002AB719 /* PBXContainerItemProxy */ = {
			isa = PBXContainerItemProxy;
			containerPortal = 68BFD87E13400B72002AB719 /* Three20UI.xcodeproj */;
			proxyType = 2;
			remoteGlobalIDString = BEF31F3A0F352DF5000DE5D2;
			remoteInfo = Three20UI;
		};
		68BFD8A213400B73002AB719 /* PBXContainerItemProxy */ = {
			isa = PBXContainerItemProxy;
			containerPortal = 68BFD87E13400B72002AB719 /* Three20UI.xcodeproj */;
			proxyType = 2;
			remoteGlobalIDString = EB9E6C6210B6A8F800DE563C;
			remoteInfo = Three20UIUnitTests;
		};
		68BFD8A513400B7D002AB719 /* PBXContainerItemProxy */ = {
			isa = PBXContainerItemProxy;
			containerPortal = 68BFD87E13400B72002AB719 /* Three20UI.xcodeproj */;
			proxyType = 1;
			remoteGlobalIDString = BEF31F390F352DF5000DE5D2;
			remoteInfo = Three20UI;
		};
		68BFD94813400D34002AB719 /* PBXContainerItemProxy */ = {
			isa = PBXContainerItemProxy;
			containerPortal = 68BFD94313400D34002AB719 /* Three20.xcodeproj */;
			proxyType = 2;
			remoteGlobalIDString = BEF31F3A0F352DF5000DE5D2;
			remoteInfo = Three20;
		};
		68BFD94A13400D34002AB719 /* PBXContainerItemProxy */ = {
			isa = PBXContainerItemProxy;
			containerPortal = 68BFD94313400D34002AB719 /* Three20.xcodeproj */;
			proxyType = 2;
			remoteGlobalIDString = EB9E6C6210B6A8F800DE563C;
			remoteInfo = Three20UnitTests;
		};
		68BFD95D13400D41002AB719 /* PBXContainerItemProxy */ = {
			isa = PBXContainerItemProxy;
			containerPortal = 68BFD94C13400D41002AB719 /* Three20Core.xcodeproj */;
			proxyType = 2;
			remoteGlobalIDString = BEF31F3A0F352DF5000DE5D2;
			remoteInfo = Three20Core;
		};
		68BFD95F13400D41002AB719 /* PBXContainerItemProxy */ = {
			isa = PBXContainerItemProxy;
			containerPortal = 68BFD94C13400D41002AB719 /* Three20Core.xcodeproj */;
			proxyType = 2;
			remoteGlobalIDString = EB9E6C6210B6A8F800DE563C;
			remoteInfo = Three20CoreUnitTests;
		};
		68BFD96313400D41002AB719 /* PBXContainerItemProxy */ = {
			isa = PBXContainerItemProxy;
			containerPortal = 68BFD94F13400D41002AB719 /* Three20Network.xcodeproj */;
			proxyType = 2;
			remoteGlobalIDString = BEF31F3A0F352DF5000DE5D2;
			remoteInfo = Three20Network;
		};
		68BFD96513400D41002AB719 /* PBXContainerItemProxy */ = {
			isa = PBXContainerItemProxy;
			containerPortal = 68BFD94F13400D41002AB719 /* Three20Network.xcodeproj */;
			proxyType = 2;
			remoteGlobalIDString = EB9E6C6210B6A8F800DE563C;
			remoteInfo = Three20NetworkUnitTests;
		};
		68BFD96913400D41002AB719 /* PBXContainerItemProxy */ = {
			isa = PBXContainerItemProxy;
			containerPortal = 68BFD95213400D41002AB719 /* Three20Style.xcodeproj */;
			proxyType = 2;
			remoteGlobalIDString = BEF31F3A0F352DF5000DE5D2;
			remoteInfo = Three20Style;
		};
		68BFD96B13400D41002AB719 /* PBXContainerItemProxy */ = {
			isa = PBXContainerItemProxy;
			containerPortal = 68BFD95213400D41002AB719 /* Three20Style.xcodeproj */;
			proxyType = 2;
			remoteGlobalIDString = EB9E6C6210B6A8F800DE563C;
			remoteInfo = Three20StyleUnitTests;
		};
		68BFD96F13400D41002AB719 /* PBXContainerItemProxy */ = {
			isa = PBXContainerItemProxy;
			containerPortal = 68BFD95513400D41002AB719 /* Three20UICommon.xcodeproj */;
			proxyType = 2;
			remoteGlobalIDString = BEF31F3A0F352DF5000DE5D2;
			remoteInfo = Three20UICommon;
		};
		68BFD97113400D41002AB719 /* PBXContainerItemProxy */ = {
			isa = PBXContainerItemProxy;
			containerPortal = 68BFD95513400D41002AB719 /* Three20UICommon.xcodeproj */;
			proxyType = 2;
			remoteGlobalIDString = EB9E6C6210B6A8F800DE563C;
			remoteInfo = Three20UICommonUnitTests;
		};
		68BFD97513400D41002AB719 /* PBXContainerItemProxy */ = {
			isa = PBXContainerItemProxy;
			containerPortal = 68BFD95813400D41002AB719 /* Three20UINavigator.xcodeproj */;
			proxyType = 2;
			remoteGlobalIDString = BEF31F3A0F352DF5000DE5D2;
			remoteInfo = Three20UINavigator;
		};
		68BFD97713400D41002AB719 /* PBXContainerItemProxy */ = {
			isa = PBXContainerItemProxy;
			containerPortal = 68BFD95813400D41002AB719 /* Three20UINavigator.xcodeproj */;
			proxyType = 2;
			remoteGlobalIDString = EB9E6C6210B6A8F800DE563C;
			remoteInfo = Three20UINavigatorUnitTests;
		};
		68BFD98813400D75002AB719 /* PBXContainerItemProxy */ = {
			isa = PBXContainerItemProxy;
			containerPortal = 68BFD95213400D41002AB719 /* Three20Style.xcodeproj */;
			proxyType = 1;
			remoteGlobalIDString = BEF31F390F352DF5000DE5D2;
			remoteInfo = Three20Style;
		};
		68BFD98A13400D75002AB719 /* PBXContainerItemProxy */ = {
			isa = PBXContainerItemProxy;
			containerPortal = 68BFD95813400D41002AB719 /* Three20UINavigator.xcodeproj */;
			proxyType = 1;
			remoteGlobalIDString = BEF31F390F352DF5000DE5D2;
			remoteInfo = Three20UINavigator;
		};
		68BFD98C13400D75002AB719 /* PBXContainerItemProxy */ = {
			isa = PBXContainerItemProxy;
			containerPortal = 68BFD94313400D34002AB719 /* Three20.xcodeproj */;
			proxyType = 1;
			remoteGlobalIDString = BEF31F390F352DF5000DE5D2;
			remoteInfo = Three20;
		};
		68BFD98E13400D75002AB719 /* PBXContainerItemProxy */ = {
			isa = PBXContainerItemProxy;
			containerPortal = 68BFD94C13400D41002AB719 /* Three20Core.xcodeproj */;
			proxyType = 1;
			remoteGlobalIDString = BEF31F390F352DF5000DE5D2;
			remoteInfo = Three20Core;
		};
		68BFD99013400D75002AB719 /* PBXContainerItemProxy */ = {
			isa = PBXContainerItemProxy;
			containerPortal = 68BFD95513400D41002AB719 /* Three20UICommon.xcodeproj */;
			proxyType = 1;
			remoteGlobalIDString = BEF31F390F352DF5000DE5D2;
			remoteInfo = Three20UICommon;
		};
		68BFD99213400D75002AB719 /* PBXContainerItemProxy */ = {
			isa = PBXContainerItemProxy;
			containerPortal = 68BFD94F13400D41002AB719 /* Three20Network.xcodeproj */;
			proxyType = 1;
			remoteGlobalIDString = BEF31F390F352DF5000DE5D2;
			remoteInfo = Three20Network;
		};
		68BFDA3D1340130F002AB719 /* PBXContainerItemProxy */ = {
			isa = PBXContainerItemProxy;
			containerPortal = 68BFD7DF133FF1F9002AB719 /* exoLib.xcodeproj */;
			proxyType = 2;
			remoteGlobalIDString = 68BFDA3B1340130F002AB719;
			remoteInfo = "exoLib copy";
		};
		68BFDA44134013A4002AB719 /* PBXContainerItemProxy */ = {
			isa = PBXContainerItemProxy;
			containerPortal = 68BFD7DF133FF1F9002AB719 /* exoLib.xcodeproj */;
			proxyType = 1;
			remoteGlobalIDString = 68BFD9D01340130F002AB719;
			remoteInfo = "exoLib lean";
		};
/* End PBXContainerItemProxy section */

/* Begin PBXFileReference section */
		1D30AB110D05D00D00671497 /* Foundation.framework */ = {isa = PBXFileReference; lastKnownFileType = wrapper.framework; name = Foundation.framework; path = System/Library/Frameworks/Foundation.framework; sourceTree = SDKROOT; };
		1D3623240D0F684500981E51 /* AppDelegate_iPad.h */ = {isa = PBXFileReference; fileEncoding = 4; lastKnownFileType = sourcecode.c.h; name = AppDelegate_iPad.h; path = iPad/AppDelegate_iPad.h; sourceTree = "<group>"; };
		1D3623250D0F684500981E51 /* AppDelegate_iPad.m */ = {isa = PBXFileReference; fileEncoding = 4; lastKnownFileType = sourcecode.c.objc; name = AppDelegate_iPad.m; path = iPad/AppDelegate_iPad.m; sourceTree = "<group>"; };
		1D6058910D05DD3D006BFB54 /* Taggr.app */ = {isa = PBXFileReference; explicitFileType = wrapper.application; includeInIndex = 0; path = Taggr.app; sourceTree = BUILT_PRODUCTS_DIR; };
		1DF5F4DF0D08C38300B7A737 /* UIKit.framework */ = {isa = PBXFileReference; lastKnownFileType = wrapper.framework; name = UIKit.framework; path = System/Library/Frameworks/UIKit.framework; sourceTree = SDKROOT; };
		2860E387111B897F00E27156 /* AppDelegate_iPhone.h */ = {isa = PBXFileReference; fileEncoding = 4; lastKnownFileType = sourcecode.c.h; path = AppDelegate_iPhone.h; sourceTree = "<group>"; };
		2860E388111B897F00E27156 /* AppDelegate_iPhone.m */ = {isa = PBXFileReference; fileEncoding = 4; lastKnownFileType = sourcecode.c.objc; path = AppDelegate_iPhone.m; sourceTree = "<group>"; };
		2860E389111B897F00E27156 /* MainWindow_iPhone.xib */ = {isa = PBXFileReference; lastKnownFileType = file.xib; path = MainWindow_iPhone.xib; sourceTree = "<group>"; };
		2870939E111907710040F596 /* Taggr.xcdatamodel */ = {isa = PBXFileReference; fileEncoding = 4; lastKnownFileType = wrapper.xcdatamodel; path = Taggr.xcdatamodel; sourceTree = "<group>"; };
		288765FC0DF74451002DB57D /* CoreGraphics.framework */ = {isa = PBXFileReference; lastKnownFileType = wrapper.framework; name = CoreGraphics.framework; path = System/Library/Frameworks/CoreGraphics.framework; sourceTree = SDKROOT; };
		28AD733E0D9D9553002E5188 /* MainWindow_iPad.xib */ = {isa = PBXFileReference; lastKnownFileType = file.xib; name = MainWindow_iPad.xib; path = iPad/MainWindow_iPad.xib; sourceTree = "<group>"; };
		28EEBFDC1118E19E00187D67 /* CoreData.framework */ = {isa = PBXFileReference; lastKnownFileType = wrapper.framework; name = CoreData.framework; path = System/Library/Frameworks/CoreData.framework; sourceTree = SDKROOT; };
		28EEC0491118E28000187D67 /* AppDelegate_Shared.h */ = {isa = PBXFileReference; fileEncoding = 4; lastKnownFileType = sourcecode.c.h; name = AppDelegate_Shared.h; path = Shared/AppDelegate_Shared.h; sourceTree = "<group>"; };
		28EEC04A1118E28000187D67 /* AppDelegate_Shared.m */ = {isa = PBXFileReference; fileEncoding = 4; lastKnownFileType = sourcecode.c.objc; name = AppDelegate_Shared.m; path = Shared/AppDelegate_Shared.m; sourceTree = "<group>"; };
		29B97316FDCFA39411CA2CEA /* main.m */ = {isa = PBXFileReference; fileEncoding = 4; lastKnownFileType = sourcecode.c.objc; name = main.m; path = Shared/main.m; sourceTree = "<group>"; };
		32CA4F630368D1EE00C91783 /* Taggr_Prefix.pch */ = {isa = PBXFileReference; fileEncoding = 4; lastKnownFileType = sourcecode.c.h; path = Taggr_Prefix.pch; sourceTree = "<group>"; };
		68BFD7DF133FF1F9002AB719 /* exoLib.xcodeproj */ = {isa = PBXFileReference; lastKnownFileType = "wrapper.pb-project"; name = exoLib.xcodeproj; path = ../../dev/exoLib/exoLib.xcodeproj; sourceTree = SOURCE_ROOT; };
		68BFD80C13400186002AB719 /* tag.h */ = {isa = PBXFileReference; fileEncoding = 4; lastKnownFileType = sourcecode.c.h; path = tag.h; sourceTree = "<group>"; };
		68BFD80D13400186002AB719 /* tag.m */ = {isa = PBXFileReference; fileEncoding = 4; lastKnownFileType = sourcecode.c.objc; path = tag.m; sourceTree = "<group>"; };
		68BFD87E13400B72002AB719 /* Three20UI.xcodeproj */ = {isa = PBXFileReference; lastKnownFileType = "wrapper.pb-project"; name = Three20UI.xcodeproj; path = ./Three20SRC/Three20UI/Three20UI.xcodeproj; sourceTree = SOURCE_ROOT; };
		68BFD8AE13400C81002AB719 /* QuartzCore.framework */ = {isa = PBXFileReference; lastKnownFileType = wrapper.framework; name = QuartzCore.framework; path = System/Library/Frameworks/QuartzCore.framework; sourceTree = SDKROOT; };
		68BFD8E513400CAA002AB719 /* AddressBook.framework */ = {isa = PBXFileReference; lastKnownFileType = wrapper.framework; name = AddressBook.framework; path = System/Library/Frameworks/AddressBook.framework; sourceTree = SDKROOT; };
		68BFD8E613400CAA002AB719 /* AddressBookUI.framework */ = {isa = PBXFileReference; lastKnownFileType = wrapper.framework; name = AddressBookUI.framework; path = System/Library/Frameworks/AddressBookUI.framework; sourceTree = SDKROOT; };
		68BFD8E713400CAA002AB719 /* SystemConfiguration.framework */ = {isa = PBXFileReference; lastKnownFileType = wrapper.framework; name = SystemConfiguration.framework; path = System/Library/Frameworks/SystemConfiguration.framework; sourceTree = SDKROOT; };
		68BFD8EB13400CAF002AB719 /* MessageUI.framework */ = {isa = PBXFileReference; lastKnownFileType = wrapper.framework; name = MessageUI.framework; path = System/Library/Frameworks/MessageUI.framework; sourceTree = SDKROOT; };
		68BFD91613400CCA002AB719 /* CoreLocation.framework */ = {isa = PBXFileReference; lastKnownFileType = wrapper.framework; name = CoreLocation.framework; path = System/Library/Frameworks/CoreLocation.framework; sourceTree = SDKROOT; };
		68BFD94313400D34002AB719 /* Three20.xcodeproj */ = {isa = PBXFileReference; lastKnownFileType = "wrapper.pb-project"; name = Three20.xcodeproj; path = ./Three20SRC/Three20/Three20.xcodeproj; sourceTree = SOURCE_ROOT; };
		68BFD94C13400D41002AB719 /* Three20Core.xcodeproj */ = {isa = PBXFileReference; lastKnownFileType = "wrapper.pb-project"; name = Three20Core.xcodeproj; path = ./Three20SRC/Three20Core/Three20Core.xcodeproj; sourceTree = SOURCE_ROOT; };
		68BFD94F13400D41002AB719 /* Three20Network.xcodeproj */ = {isa = PBXFileReference; lastKnownFileType = "wrapper.pb-project"; name = Three20Network.xcodeproj; path = ./Three20SRC/Three20Network/Three20Network.xcodeproj; sourceTree = SOURCE_ROOT; };
		68BFD95213400D41002AB719 /* Three20Style.xcodeproj */ = {isa = PBXFileReference; lastKnownFileType = "wrapper.pb-project"; name = Three20Style.xcodeproj; path = ./Three20SRC/Three20Style/Three20Style.xcodeproj; sourceTree = SOURCE_ROOT; };
		68BFD95513400D41002AB719 /* Three20UICommon.xcodeproj */ = {isa = PBXFileReference; lastKnownFileType = "wrapper.pb-project"; name = Three20UICommon.xcodeproj; path = ./Three20SRC/Three20UICommon/Three20UICommon.xcodeproj; sourceTree = SOURCE_ROOT; };
		68BFD95813400D41002AB719 /* Three20UINavigator.xcodeproj */ = {isa = PBXFileReference; lastKnownFileType = "wrapper.pb-project"; name = Three20UINavigator.xcodeproj; path = ./Three20SRC/Three20UINavigator/Three20UINavigator.xcodeproj; sourceTree = SOURCE_ROOT; };
		68BFDAB4134028D5002AB719 /* Three20.bundle */ = {isa = PBXFileReference; lastKnownFileType = "wrapper.plug-in"; name = Three20.bundle; path = Three20SRC/Three20.bundle; sourceTree = SOURCE_ROOT; };
		793B95A21403AD16005CDE06 /* tagTTDataSource.h */ = {isa = PBXFileReference; fileEncoding = 4; lastKnownFileType = sourcecode.c.h; path = tagTTDataSource.h; sourceTree = "<group>"; };
		793B95A31403AD16005CDE06 /* tagTTDataSource.m */ = {isa = PBXFileReference; fileEncoding = 4; lastKnownFileType = sourcecode.c.objc; path = tagTTDataSource.m; sourceTree = "<group>"; };
		793B95A51403B411005CDE06 /* taggrNameViewController.h */ = {isa = PBXFileReference; fileEncoding = 4; lastKnownFileType = sourcecode.c.h; path = taggrNameViewController.h; sourceTree = "<group>"; };
		793B95A61403B411005CDE06 /* taggrNameViewController.m */ = {isa = PBXFileReference; fileEncoding = 4; lastKnownFileType = sourcecode.c.objc; path = taggrNameViewController.m; sourceTree = "<group>"; };
		79418097140DB8DE000E0113 /* taggrTabBarController.h */ = {isa = PBXFileReference; fileEncoding = 4; lastKnownFileType = sourcecode.c.h; path = taggrTabBarController.h; sourceTree = "<group>"; };
		79418098140DB8DE000E0113 /* taggrTabBarController.m */ = {isa = PBXFileReference; fileEncoding = 4; lastKnownFileType = sourcecode.c.objc; path = taggrTabBarController.m; sourceTree = "<group>"; };
		79418104140ED54A000E0113 /* editContactWithTagViewController.h */ = {isa = PBXFileReference; fileEncoding = 4; lastKnownFileType = sourcecode.c.h; path = editContactWithTagViewController.h; sourceTree = "<group>"; };
		79418105140ED54A000E0113 /* editContactWithTagViewController.m */ = {isa = PBXFileReference; fileEncoding = 4; lastKnownFileType = sourcecode.c.objc; path = editContactWithTagViewController.m; sourceTree = "<group>"; };
		7941810B1412CFED000E0113 /* viewContactWithTagViewController.h */ = {isa = PBXFileReference; fileEncoding = 4; lastKnownFileType = sourcecode.c.h; path = viewContactWithTagViewController.h; sourceTree = "<group>"; };
		7941810C1412CFED000E0113 /* viewContactWithTagViewController.m */ = {isa = PBXFileReference; fileEncoding = 4; lastKnownFileType = sourcecode.c.objc; path = viewContactWithTagViewController.m; sourceTree = "<group>"; };
		794298E2144A5CB80072139C /* Taggr v3.xcdatamodel */ = {isa = PBXFileReference; lastKnownFileType = wrapper.xcdatamodel; path = "Taggr v3.xcdatamodel"; sourceTree = "<group>"; };
		794298E3144A7ED00072139C /* Taggr v4.xcdatamodel */ = {isa = PBXFileReference; lastKnownFileType = wrapper.xcdatamodel; path = "Taggr v4.xcdatamodel"; sourceTree = "<group>"; };
		79491D2514200B7700B05BA2 /* editTagDateViewController.h */ = {isa = PBXFileReference; fileEncoding = 4; lastKnownFileType = sourcecode.c.h; path = editTagDateViewController.h; sourceTree = "<group>"; };
		79491D2614200B7700B05BA2 /* editTagDateViewController.m */ = {isa = PBXFileReference; fileEncoding = 4; lastKnownFileType = sourcecode.c.objc; path = editTagDateViewController.m; sourceTree = "<group>"; };
		794ADC13140BD92F0095FEDB /* taggrCellPickerTextField.h */ = {isa = PBXFileReference; fileEncoding = 4; lastKnownFileType = sourcecode.c.h; path = taggrCellPickerTextField.h; sourceTree = "<group>"; };
		794ADC14140BD92F0095FEDB /* taggrCellPickerTextField.m */ = {isa = PBXFileReference; fileEncoding = 4; lastKnownFileType = sourcecode.c.objc; path = taggrCellPickerTextField.m; sourceTree = "<group>"; };
		797E2994145492F600E64287 /* Taggr.entitlements */ = {isa = PBXFileReference; lastKnownFileType = text.xml; path = Taggr.entitlements; sourceTree = "<group>"; };
		797E2996145494CA00E64287 /* TaggrIcon57.png */ = {isa = PBXFileReference; lastKnownFileType = image.png; path = TaggrIcon57.png; sourceTree = "<group>"; };
		797E2997145494CA00E64287 /* TaggrIcon72.png */ = {isa = PBXFileReference; lastKnownFileType = image.png; path = TaggrIcon72.png; sourceTree = "<group>"; };
		797E2998145494CA00E64287 /* TaggrIcon114.png */ = {isa = PBXFileReference; lastKnownFileType = image.png; path = TaggrIcon114.png; sourceTree = "<group>"; };
		797E2A1B14549A7400E64287 /* Taggr v5.xcdatamodel */ = {isa = PBXFileReference; lastKnownFileType = wrapper.xcdatamodel; path = "Taggr v5.xcdatamodel"; sourceTree = "<group>"; };
		79AA6AC1140651790088E087 /* tagViewController.h */ = {isa = PBXFileReference; fileEncoding = 4; lastKnownFileType = sourcecode.c.h; path = tagViewController.h; sourceTree = "<group>"; };
		79AA6AC2140651790088E087 /* tagViewController.m */ = {isa = PBXFileReference; fileEncoding = 4; lastKnownFileType = sourcecode.c.objc; path = tagViewController.m; sourceTree = "<group>"; };
		79ADA65D141AF30400ED2651 /* taggrDateViewController.h */ = {isa = PBXFileReference; fileEncoding = 4; lastKnownFileType = sourcecode.c.h; path = taggrDateViewController.h; sourceTree = "<group>"; };
		79ADA65E141AF30400ED2651 /* taggrDateViewController.m */ = {isa = PBXFileReference; fileEncoding = 4; lastKnownFileType = sourcecode.c.objc; path = taggrDateViewController.m; sourceTree = "<group>"; };
		79F562E11418F92C00CFB103 /* Taggr v2.xcdatamodel */ = {isa = PBXFileReference; lastKnownFileType = wrapper.xcdatamodel; path = "Taggr v2.xcdatamodel"; sourceTree = "<group>"; };
		8D1107310486CEB800E47090 /* Taggr-Info.plist */ = {isa = PBXFileReference; fileEncoding = 4; lastKnownFileType = text.plist.xml; path = "Taggr-Info.plist"; plistStructureDefinitionIdentifier = "com.apple.xcode.plist.structure-definition.iphone.info-plist"; sourceTree = "<group>"; };
/* End PBXFileReference section */

/* Begin PBXFrameworksBuildPhase section */
		1D60588F0D05DD3D006BFB54 /* Frameworks */ = {
			isa = PBXFrameworksBuildPhase;
			buildActionMask = 2147483647;
			files = (
				1D60589F0D05DD5A006BFB54 /* Foundation.framework in Frameworks */,
				1DF5F4E00D08C38300B7A737 /* UIKit.framework in Frameworks */,
				288765FD0DF74451002DB57D /* CoreGraphics.framework in Frameworks */,
				28EEBFDD1118E19E00187D67 /* CoreData.framework in Frameworks */,
				68BFD8A413400B76002AB719 /* libThree20UI.a in Frameworks */,
				68BFD8AF13400C81002AB719 /* QuartzCore.framework in Frameworks */,
				68BFD8E813400CAA002AB719 /* AddressBook.framework in Frameworks */,
				68BFD8E913400CAA002AB719 /* AddressBookUI.framework in Frameworks */,
				68BFD8EA13400CAA002AB719 /* SystemConfiguration.framework in Frameworks */,
				68BFD8EC13400CAF002AB719 /* MessageUI.framework in Frameworks */,
				68BFD91713400CCA002AB719 /* CoreLocation.framework in Frameworks */,
				68BFD98213400D5B002AB719 /* libThree20UINavigator.a in Frameworks */,
				68BFD98313400D5C002AB719 /* libThree20UICommon.a in Frameworks */,
				68BFD98413400D5D002AB719 /* libThree20Style.a in Frameworks */,
				68BFD98513400D5E002AB719 /* libThree20Network.a in Frameworks */,
				68BFD98613400D5F002AB719 /* libThree20Core.a in Frameworks */,
				68BFD98713400D5F002AB719 /* libThree20.a in Frameworks */,
				68BFDA46134013AA002AB719 /* libexoLibLean.a in Frameworks */,
			);
			runOnlyForDeploymentPostprocessing = 0;
		};
/* End PBXFrameworksBuildPhase section */

/* Begin PBXGroup section */
		19C28FACFE9D520D11CA2CBB /* Products */ = {
			isa = PBXGroup;
			children = (
				1D6058910D05DD3D006BFB54 /* Taggr.app */,
			);
			name = Products;
			sourceTree = "<group>";
		};
		2860E386111B897F00E27156 /* iPhone */ = {
			isa = PBXGroup;
			children = (
				2860E387111B897F00E27156 /* AppDelegate_iPhone.h */,
				2860E388111B897F00E27156 /* AppDelegate_iPhone.m */,
				2860E389111B897F00E27156 /* MainWindow_iPhone.xib */,
			);
			path = iPhone;
			sourceTree = "<group>";
		};
		28EEBF621118D79A00187D67 /* Shared */ = {
			isa = PBXGroup;
			children = (
				793B95A11403ACD8005CDE06 /* View */,
				68BFD80B1340016A002AB719 /* logic */,
				2819307C112F81BE00ECF9B4 /* Taggr.xcdatamodeld */,
				28EEC0491118E28000187D67 /* AppDelegate_Shared.h */,
				28EEC04A1118E28000187D67 /* AppDelegate_Shared.m */,
				8D1107310486CEB800E47090 /* Taggr-Info.plist */,
			);
			name = Shared;
			sourceTree = "<group>";
		};
		29B97314FDCFA39411CA2CEA /* CustomTemplate */ = {
			isa = PBXGroup;
			children = (
				797E2994145492F600E64287 /* Taggr.entitlements */,
				2860E386111B897F00E27156 /* iPhone */,
				29B97317FDCFA39411CA2CEA /* iPad */,
				28EEBF621118D79A00187D67 /* Shared */,
				29B97315FDCFA39411CA2CEA /* Other Sources */,
				29B97323FDCFA39411CA2CEA /* Frameworks */,
				19C28FACFE9D520D11CA2CBB /* Products */,
			);
			name = CustomTemplate;
			sourceTree = "<group>";
		};
		29B97315FDCFA39411CA2CEA /* Other Sources */ = {
			isa = PBXGroup;
			children = (
				797E2995145494BA00E64287 /* Resources */,
				68BFDAB4134028D5002AB719 /* Three20.bundle */,
				68BFD94C13400D41002AB719 /* Three20Core.xcodeproj */,
				68BFD94F13400D41002AB719 /* Three20Network.xcodeproj */,
				68BFD95213400D41002AB719 /* Three20Style.xcodeproj */,
				68BFD95513400D41002AB719 /* Three20UICommon.xcodeproj */,
				68BFD95813400D41002AB719 /* Three20UINavigator.xcodeproj */,
				68BFD94313400D34002AB719 /* Three20.xcodeproj */,
				68BFD87E13400B72002AB719 /* Three20UI.xcodeproj */,
				68BFD7DF133FF1F9002AB719 /* exoLib.xcodeproj */,
				32CA4F630368D1EE00C91783 /* Taggr_Prefix.pch */,
				29B97316FDCFA39411CA2CEA /* main.m */,
			);
			name = "Other Sources";
			sourceTree = "<group>";
		};
		29B97317FDCFA39411CA2CEA /* iPad */ = {
			isa = PBXGroup;
			children = (
				1D3623240D0F684500981E51 /* AppDelegate_iPad.h */,
				1D3623250D0F684500981E51 /* AppDelegate_iPad.m */,
				28AD733E0D9D9553002E5188 /* MainWindow_iPad.xib */,
			);
			name = iPad;
			sourceTree = "<group>";
		};
		29B97323FDCFA39411CA2CEA /* Frameworks */ = {
			isa = PBXGroup;
			children = (
				68BFD91613400CCA002AB719 /* CoreLocation.framework */,
				68BFD8EB13400CAF002AB719 /* MessageUI.framework */,
				68BFD8E513400CAA002AB719 /* AddressBook.framework */,
				68BFD8E613400CAA002AB719 /* AddressBookUI.framework */,
				68BFD8E713400CAA002AB719 /* SystemConfiguration.framework */,
				1DF5F4DF0D08C38300B7A737 /* UIKit.framework */,
				1D30AB110D05D00D00671497 /* Foundation.framework */,
				288765FC0DF74451002DB57D /* CoreGraphics.framework */,
				28EEBFDC1118E19E00187D67 /* CoreData.framework */,
				68BFD8AE13400C81002AB719 /* QuartzCore.framework */,
			);
			name = Frameworks;
			sourceTree = "<group>";
		};
		68BFD7E0133FF1F9002AB719 /* Products */ = {
			isa = PBXGroup;
			children = (
				68BFD7E5133FF1F9002AB719 /* libexoLib.a */,
				68BFD7E7133FF1F9002AB719 /* libexoLibiPad.a */,
				68BFDA3E1340130F002AB719 /* libexoLibLean.a */,
			);
			name = Products;
			sourceTree = "<group>";
		};
		68BFD80B1340016A002AB719 /* logic */ = {
			isa = PBXGroup;
			children = (
				79491D331421590100B05BA2 /* Preloaded DB */,
				68BFD80C13400186002AB719 /* tag.h */,
				68BFD80D13400186002AB719 /* tag.m */,
				793B95A21403AD16005CDE06 /* tagTTDataSource.h */,
				793B95A31403AD16005CDE06 /* tagTTDataSource.m */,
			);
			name = logic;
			sourceTree = "<group>";
		};
		68BFD87F13400B72002AB719 /* Products */ = {
			isa = PBXGroup;
			children = (
				68BFD8A113400B73002AB719 /* libThree20UI.a */,
				68BFD8A313400B73002AB719 /* UIUnitTests.octest */,
			);
			name = Products;
			sourceTree = "<group>";
		};
		68BFD94413400D34002AB719 /* Products */ = {
			isa = PBXGroup;
			children = (
				68BFD94913400D34002AB719 /* libThree20.a */,
				68BFD94B13400D34002AB719 /* Three20UnitTests.octest */,
			);
			name = Products;
			sourceTree = "<group>";
		};
		68BFD94D13400D41002AB719 /* Products */ = {
			isa = PBXGroup;
			children = (
				68BFD95E13400D41002AB719 /* libThree20Core.a */,
				68BFD96013400D41002AB719 /* CoreUnitTests.octest */,
			);
			name = Products;
			sourceTree = "<group>";
		};
		68BFD95013400D41002AB719 /* Products */ = {
			isa = PBXGroup;
			children = (
				68BFD96413400D41002AB719 /* libThree20Network.a */,
				68BFD96613400D41002AB719 /* NetworkUnitTests.octest */,
			);
			name = Products;
			sourceTree = "<group>";
		};
		68BFD95313400D41002AB719 /* Products */ = {
			isa = PBXGroup;
			children = (
				68BFD96A13400D41002AB719 /* libThree20Style.a */,
				68BFD96C13400D41002AB719 /* StyleUnitTests.octest */,
			);
			name = Products;
			sourceTree = "<group>";
		};
		68BFD95613400D41002AB719 /* Products */ = {
			isa = PBXGroup;
			children = (
				68BFD97013400D41002AB719 /* libThree20UICommon.a */,
				68BFD97213400D41002AB719 /* UICommonUnitTests.octest */,
			);
			name = Products;
			sourceTree = "<group>";
		};
		68BFD95913400D41002AB719 /* Products */ = {
			isa = PBXGroup;
			children = (
				68BFD97613400D41002AB719 /* libThree20UINavigator.a */,
				68BFD97813400D41002AB719 /* UINavigatorUnitTests.octest */,
			);
			name = Products;
			sourceTree = "<group>";
		};
		793B95A11403ACD8005CDE06 /* View */ = {
			isa = PBXGroup;
			children = (
				79B17618140D0E69000D6EC5 /* Support */,
				79B17616140D0E4C000D6EC5 /* Tag Discovery */,
				79B17617140D0E5B000D6EC5 /* Tag Manip */,
			);
			name = View;
			sourceTree = "<group>";
		};
		79491D331421590100B05BA2 /* Preloaded DB */ = {
			isa = PBXGroup;
			children = (
			);
			name = "Preloaded DB";
			sourceTree = "<group>";
		};
		797E2995145494BA00E64287 /* Resources */ = {
			isa = PBXGroup;
			children = (
				797E2996145494CA00E64287 /* TaggrIcon57.png */,
				797E2997145494CA00E64287 /* TaggrIcon72.png */,
				797E2998145494CA00E64287 /* TaggrIcon114.png */,
			);
			name = Resources;
			sourceTree = "<group>";
		};
		79B17616140D0E4C000D6EC5 /* Tag Discovery */ = {
			isa = PBXGroup;
			children = (
				79ADA65D141AF30400ED2651 /* taggrDateViewController.h */,
				79ADA65E141AF30400ED2651 /* taggrDateViewController.m */,
				793B95A51403B411005CDE06 /* taggrNameViewController.h */,
				793B95A61403B411005CDE06 /* taggrNameViewController.m */,
				79418097140DB8DE000E0113 /* taggrTabBarController.h */,
				79418098140DB8DE000E0113 /* taggrTabBarController.m */,
			);
			name = "Tag Discovery";
			sourceTree = "<group>";
		};
		79B17617140D0E5B000D6EC5 /* Tag Manip */ = {
			isa = PBXGroup;
			children = (
				79AA6AC1140651790088E087 /* tagViewController.h */,
				79AA6AC2140651790088E087 /* tagViewController.m */,
			);
			name = "Tag Manip";
			sourceTree = "<group>";
		};
		79B17618140D0E69000D6EC5 /* Support */ = {
			isa = PBXGroup;
			children = (
				794ADC13140BD92F0095FEDB /* taggrCellPickerTextField.h */,
				794ADC14140BD92F0095FEDB /* taggrCellPickerTextField.m */,
				79418104140ED54A000E0113 /* editContactWithTagViewController.h */,
				79418105140ED54A000E0113 /* editContactWithTagViewController.m */,
				7941810B1412CFED000E0113 /* viewContactWithTagViewController.h */,
				7941810C1412CFED000E0113 /* viewContactWithTagViewController.m */,
				79491D2514200B7700B05BA2 /* editTagDateViewController.h */,
				79491D2614200B7700B05BA2 /* editTagDateViewController.m */,
			);
			name = Support;
			sourceTree = "<group>";
		};
/* End PBXGroup section */

/* Begin PBXNativeTarget section */
		1D6058900D05DD3D006BFB54 /* Taggr */ = {
			isa = PBXNativeTarget;
			buildConfigurationList = 1D6058960D05DD3E006BFB54 /* Build configuration list for PBXNativeTarget "Taggr" */;
			buildPhases = (
				1D60588D0D05DD3D006BFB54 /* Resources */,
				1D60588E0D05DD3D006BFB54 /* Sources */,
				1D60588F0D05DD3D006BFB54 /* Frameworks */,
			);
			buildRules = (
			);
			dependencies = (
				68BFD8A613400B7D002AB719 /* PBXTargetDependency */,
				68BFD98913400D75002AB719 /* PBXTargetDependency */,
				68BFD98B13400D75002AB719 /* PBXTargetDependency */,
				68BFD98D13400D75002AB719 /* PBXTargetDependency */,
				68BFD98F13400D75002AB719 /* PBXTargetDependency */,
				68BFD99113400D75002AB719 /* PBXTargetDependency */,
				68BFD99313400D75002AB719 /* PBXTargetDependency */,
				68BFDA45134013A4002AB719 /* PBXTargetDependency */,
			);
			name = Taggr;
			productName = Taggr;
			productReference = 1D6058910D05DD3D006BFB54 /* Taggr.app */;
			productType = "com.apple.product-type.application";
		};
/* End PBXNativeTarget section */

/* Begin PBXProject section */
		29B97313FDCFA39411CA2CEA /* Project object */ = {
			isa = PBXProject;
			attributes = {
				LastUpgradeCheck = 0410;
			};
			buildConfigurationList = C01FCF4E08A954540054247B /* Build configuration list for PBXProject "Taggr" */;
			compatibilityVersion = "Xcode 3.2";
			developmentRegion = English;
			hasScannedForEncodings = 1;
			knownRegions = (
				English,
				Japanese,
				French,
				German,
			);
			mainGroup = 29B97314FDCFA39411CA2CEA /* CustomTemplate */;
			projectDirPath = "";
			projectReferences = (
				{
					ProductGroup = 68BFD7E0133FF1F9002AB719 /* Products */;
					ProjectRef = 68BFD7DF133FF1F9002AB719 /* exoLib.xcodeproj */;
				},
				{
					ProductGroup = 68BFD94413400D34002AB719 /* Products */;
					ProjectRef = 68BFD94313400D34002AB719 /* Three20.xcodeproj */;
				},
				{
					ProductGroup = 68BFD94D13400D41002AB719 /* Products */;
					ProjectRef = 68BFD94C13400D41002AB719 /* Three20Core.xcodeproj */;
				},
				{
					ProductGroup = 68BFD95013400D41002AB719 /* Products */;
					ProjectRef = 68BFD94F13400D41002AB719 /* Three20Network.xcodeproj */;
				},
				{
					ProductGroup = 68BFD95313400D41002AB719 /* Products */;
					ProjectRef = 68BFD95213400D41002AB719 /* Three20Style.xcodeproj */;
				},
				{
					ProductGroup = 68BFD87F13400B72002AB719 /* Products */;
					ProjectRef = 68BFD87E13400B72002AB719 /* Three20UI.xcodeproj */;
				},
				{
					ProductGroup = 68BFD95613400D41002AB719 /* Products */;
					ProjectRef = 68BFD95513400D41002AB719 /* Three20UICommon.xcodeproj */;
				},
				{
					ProductGroup = 68BFD95913400D41002AB719 /* Products */;
					ProjectRef = 68BFD95813400D41002AB719 /* Three20UINavigator.xcodeproj */;
				},
			);
			projectRoot = "";
			targets = (
				1D6058900D05DD3D006BFB54 /* Taggr */,
			);
		};
/* End PBXProject section */

/* Begin PBXReferenceProxy section */
		68BFD7E5133FF1F9002AB719 /* libexoLib.a */ = {
			isa = PBXReferenceProxy;
			fileType = archive.ar;
			path = libexoLib.a;
			remoteRef = 68BFD7E4133FF1F9002AB719 /* PBXContainerItemProxy */;
			sourceTree = BUILT_PRODUCTS_DIR;
		};
		68BFD7E7133FF1F9002AB719 /* libexoLibiPad.a */ = {
			isa = PBXReferenceProxy;
			fileType = archive.ar;
			path = libexoLibiPad.a;
			remoteRef = 68BFD7E6133FF1F9002AB719 /* PBXContainerItemProxy */;
			sourceTree = BUILT_PRODUCTS_DIR;
		};
		68BFD8A113400B73002AB719 /* libThree20UI.a */ = {
			isa = PBXReferenceProxy;
			fileType = archive.ar;
			path = libThree20UI.a;
			remoteRef = 68BFD8A013400B73002AB719 /* PBXContainerItemProxy */;
			sourceTree = BUILT_PRODUCTS_DIR;
		};
		68BFD8A313400B73002AB719 /* UIUnitTests.octest */ = {
			isa = PBXReferenceProxy;
			fileType = wrapper.cfbundle;
			path = UIUnitTests.octest;
			remoteRef = 68BFD8A213400B73002AB719 /* PBXContainerItemProxy */;
			sourceTree = BUILT_PRODUCTS_DIR;
		};
		68BFD94913400D34002AB719 /* libThree20.a */ = {
			isa = PBXReferenceProxy;
			fileType = archive.ar;
			path = libThree20.a;
			remoteRef = 68BFD94813400D34002AB719 /* PBXContainerItemProxy */;
			sourceTree = BUILT_PRODUCTS_DIR;
		};
		68BFD94B13400D34002AB719 /* Three20UnitTests.octest */ = {
			isa = PBXReferenceProxy;
			fileType = wrapper.cfbundle;
			path = Three20UnitTests.octest;
			remoteRef = 68BFD94A13400D34002AB719 /* PBXContainerItemProxy */;
			sourceTree = BUILT_PRODUCTS_DIR;
		};
		68BFD95E13400D41002AB719 /* libThree20Core.a */ = {
			isa = PBXReferenceProxy;
			fileType = archive.ar;
			path = libThree20Core.a;
			remoteRef = 68BFD95D13400D41002AB719 /* PBXContainerItemProxy */;
			sourceTree = BUILT_PRODUCTS_DIR;
		};
		68BFD96013400D41002AB719 /* CoreUnitTests.octest */ = {
			isa = PBXReferenceProxy;
			fileType = wrapper.cfbundle;
			path = CoreUnitTests.octest;
			remoteRef = 68BFD95F13400D41002AB719 /* PBXContainerItemProxy */;
			sourceTree = BUILT_PRODUCTS_DIR;
		};
		68BFD96413400D41002AB719 /* libThree20Network.a */ = {
			isa = PBXReferenceProxy;
			fileType = archive.ar;
			path = libThree20Network.a;
			remoteRef = 68BFD96313400D41002AB719 /* PBXContainerItemProxy */;
			sourceTree = BUILT_PRODUCTS_DIR;
		};
		68BFD96613400D41002AB719 /* NetworkUnitTests.octest */ = {
			isa = PBXReferenceProxy;
			fileType = wrapper.cfbundle;
			path = NetworkUnitTests.octest;
			remoteRef = 68BFD96513400D41002AB719 /* PBXContainerItemProxy */;
			sourceTree = BUILT_PRODUCTS_DIR;
		};
		68BFD96A13400D41002AB719 /* libThree20Style.a */ = {
			isa = PBXReferenceProxy;
			fileType = archive.ar;
			path = libThree20Style.a;
			remoteRef = 68BFD96913400D41002AB719 /* PBXContainerItemProxy */;
			sourceTree = BUILT_PRODUCTS_DIR;
		};
		68BFD96C13400D41002AB719 /* StyleUnitTests.octest */ = {
			isa = PBXReferenceProxy;
			fileType = wrapper.cfbundle;
			path = StyleUnitTests.octest;
			remoteRef = 68BFD96B13400D41002AB719 /* PBXContainerItemProxy */;
			sourceTree = BUILT_PRODUCTS_DIR;
		};
		68BFD97013400D41002AB719 /* libThree20UICommon.a */ = {
			isa = PBXReferenceProxy;
			fileType = archive.ar;
			path = libThree20UICommon.a;
			remoteRef = 68BFD96F13400D41002AB719 /* PBXContainerItemProxy */;
			sourceTree = BUILT_PRODUCTS_DIR;
		};
		68BFD97213400D41002AB719 /* UICommonUnitTests.octest */ = {
			isa = PBXReferenceProxy;
			fileType = wrapper.cfbundle;
			path = UICommonUnitTests.octest;
			remoteRef = 68BFD97113400D41002AB719 /* PBXContainerItemProxy */;
			sourceTree = BUILT_PRODUCTS_DIR;
		};
		68BFD97613400D41002AB719 /* libThree20UINavigator.a */ = {
			isa = PBXReferenceProxy;
			fileType = archive.ar;
			path = libThree20UINavigator.a;
			remoteRef = 68BFD97513400D41002AB719 /* PBXContainerItemProxy */;
			sourceTree = BUILT_PRODUCTS_DIR;
		};
		68BFD97813400D41002AB719 /* UINavigatorUnitTests.octest */ = {
			isa = PBXReferenceProxy;
			fileType = wrapper.cfbundle;
			path = UINavigatorUnitTests.octest;
			remoteRef = 68BFD97713400D41002AB719 /* PBXContainerItemProxy */;
			sourceTree = BUILT_PRODUCTS_DIR;
		};
		68BFDA3E1340130F002AB719 /* libexoLibLean.a */ = {
			isa = PBXReferenceProxy;
			fileType = archive.ar;
			path = libexoLibLean.a;
			remoteRef = 68BFDA3D1340130F002AB719 /* PBXContainerItemProxy */;
			sourceTree = BUILT_PRODUCTS_DIR;
		};
/* End PBXReferenceProxy section */

/* Begin PBXResourcesBuildPhase section */
		1D60588D0D05DD3D006BFB54 /* Resources */ = {
			isa = PBXResourcesBuildPhase;
			buildActionMask = 2147483647;
			files = (
				28AD733F0D9D9553002E5188 /* MainWindow_iPad.xib in Resources */,
				2860E38B111B897F00E27156 /* MainWindow_iPhone.xib in Resources */,
				68BFDAB5134028D5002AB719 /* Three20.bundle in Resources */,
				797E2999145494CA00E64287 /* TaggrIcon57.png in Resources */,
				797E299A145494CA00E64287 /* TaggrIcon72.png in Resources */,
				797E299B145494CA00E64287 /* TaggrIcon114.png in Resources */,
			);
			runOnlyForDeploymentPostprocessing = 0;
		};
/* End PBXResourcesBuildPhase section */

/* Begin PBXSourcesBuildPhase section */
		1D60588E0D05DD3D006BFB54 /* Sources */ = {
			isa = PBXSourcesBuildPhase;
			buildActionMask = 2147483647;
			files = (
				1D60589B0D05DD56006BFB54 /* main.m in Sources */,
				1D3623260D0F684500981E51 /* AppDelegate_iPad.m in Sources */,
				28EEC04B1118E28000187D67 /* AppDelegate_Shared.m in Sources */,
				2819307D112F81BE00ECF9B4 /* Taggr.xcdatamodeld in Sources */,
				2860E38A111B897F00E27156 /* AppDelegate_iPhone.m in Sources */,
				68BFD80E13400186002AB719 /* tag.m in Sources */,
				793B95A41403AD16005CDE06 /* tagTTDataSource.m in Sources */,
				793B95A71403B411005CDE06 /* taggrNameViewController.m in Sources */,
				79AA6AC3140651790088E087 /* tagViewController.m in Sources */,
				794ADC15140BD9300095FEDB /* taggrCellPickerTextField.m in Sources */,
				79418099140DB8DE000E0113 /* taggrTabBarController.m in Sources */,
				79418106140ED54A000E0113 /* editContactWithTagViewController.m in Sources */,
				7941810D1412CFEE000E0113 /* viewContactWithTagViewController.m in Sources */,
				79ADA65F141AF30400ED2651 /* taggrDateViewController.m in Sources */,
				79491D2714200B7700B05BA2 /* editTagDateViewController.m in Sources */,
			);
			runOnlyForDeploymentPostprocessing = 0;
		};
/* End PBXSourcesBuildPhase section */

/* Begin PBXTargetDependency section */
		68BFD8A613400B7D002AB719 /* PBXTargetDependency */ = {
			isa = PBXTargetDependency;
			name = Three20UI;
			targetProxy = 68BFD8A513400B7D002AB719 /* PBXContainerItemProxy */;
		};
		68BFD98913400D75002AB719 /* PBXTargetDependency */ = {
			isa = PBXTargetDependency;
			name = Three20Style;
			targetProxy = 68BFD98813400D75002AB719 /* PBXContainerItemProxy */;
		};
		68BFD98B13400D75002AB719 /* PBXTargetDependency */ = {
			isa = PBXTargetDependency;
			name = Three20UINavigator;
			targetProxy = 68BFD98A13400D75002AB719 /* PBXContainerItemProxy */;
		};
		68BFD98D13400D75002AB719 /* PBXTargetDependency */ = {
			isa = PBXTargetDependency;
			name = Three20;
			targetProxy = 68BFD98C13400D75002AB719 /* PBXContainerItemProxy */;
		};
		68BFD98F13400D75002AB719 /* PBXTargetDependency */ = {
			isa = PBXTargetDependency;
			name = Three20Core;
			targetProxy = 68BFD98E13400D75002AB719 /* PBXContainerItemProxy */;
		};
		68BFD99113400D75002AB719 /* PBXTargetDependency */ = {
			isa = PBXTargetDependency;
			name = Three20UICommon;
			targetProxy = 68BFD99013400D75002AB719 /* PBXContainerItemProxy */;
		};
		68BFD99313400D75002AB719 /* PBXTargetDependency */ = {
			isa = PBXTargetDependency;
			name = Three20Network;
			targetProxy = 68BFD99213400D75002AB719 /* PBXContainerItemProxy */;
		};
		68BFDA45134013A4002AB719 /* PBXTargetDependency */ = {
			isa = PBXTargetDependency;
			name = "exoLib lean";
			targetProxy = 68BFDA44134013A4002AB719 /* PBXContainerItemProxy */;
		};
/* End PBXTargetDependency section */

/* Begin XCBuildConfiguration section */
		1D6058940D05DD3E006BFB54 /* Debug */ = {
			isa = XCBuildConfiguration;
			buildSettings = {
				ALWAYS_SEARCH_USER_PATHS = NO;
				CODE_SIGN_ENTITLEMENTS = Taggr.entitlements;
				"CODE_SIGN_IDENTITY[sdk=iphoneos*]" = "iPhone Developer: Alexander List (76TLAY9W6F)";
				COPY_PHASE_STRIP = NO;
				GCC_DYNAMIC_NO_PIC = NO;
				GCC_OPTIMIZATION_LEVEL = 0;
				GCC_PRECOMPILE_PREFIX_HEADER = YES;
				GCC_PREFIX_HEADER = Taggr_Prefix.pch;
				GCC_VERSION = com.apple.compilers.llvmgcc42;
				HEADER_SEARCH_PATHS = (
					"../../pers/Build/Products/three20//**",
					../../dev/exoLib/,
				);
				INFOPLIST_FILE = "Taggr-Info.plist";
				OTHER_LDFLAGS = (
					"-ObjC",
					"-all_load",
				);
				PRODUCT_NAME = Taggr;
				"PROVISIONING_PROFILE[sdk=iphoneos*]" = "5369D21D-081F-474C-81DC-DBC5580D2911";
			};
			name = Debug;
		};
		1D6058950D05DD3E006BFB54 /* Release */ = {
			isa = XCBuildConfiguration;
			buildSettings = {
				ALWAYS_SEARCH_USER_PATHS = NO;
				CODE_SIGN_ENTITLEMENTS = Taggr.entitlements;
				COPY_PHASE_STRIP = YES;
				GCC_PRECOMPILE_PREFIX_HEADER = YES;
				GCC_PREFIX_HEADER = Taggr_Prefix.pch;
				GCC_VERSION = com.apple.compilers.llvmgcc42;
				HEADER_SEARCH_PATHS = (
					"../../pers/Build/Products/three20//**",
					../../dev/exoLib/,
				);
				INFOPLIST_FILE = "Taggr-Info.plist";
				OTHER_LDFLAGS = (
					"-ObjC",
					"-all_load",
				);
				PRODUCT_NAME = Taggr;
				VALIDATE_PRODUCT = YES;
			};
			name = Release;
		};
		7974F891142D5C52001FA1E8 /* AdHoc */ = {
			isa = XCBuildConfiguration;
			buildSettings = {
				ARCHS = "$(ARCHS_STANDARD_32_BIT)";
				"CODE_SIGN_IDENTITY[sdk=iphoneos*]" = "iPhone Developer";
				GCC_C_LANGUAGE_STANDARD = c99;
				GCC_WARN_ABOUT_RETURN_TYPE = YES;
				GCC_WARN_UNUSED_VARIABLE = YES;
				OTHER_CFLAGS = "-DNS_BLOCK_ASSERTIONS=1";
				SDKROOT = iphoneos;
				TARGETED_DEVICE_FAMILY = "1,2";
			};
			name = AdHoc;
		};
		7974F892142D5C52001FA1E8 /* AdHoc */ = {
			isa = XCBuildConfiguration;
			buildSettings = {
				ALWAYS_SEARCH_USER_PATHS = NO;
				CODE_SIGN_ENTITLEMENTS = Taggr.entitlements;
				"CODE_SIGN_IDENTITY[sdk=iphoneos*]" = "iPhone Distribution: Alexander List";
				COPY_PHASE_STRIP = YES;
				GCC_PRECOMPILE_PREFIX_HEADER = YES;
				GCC_PREFIX_HEADER = Taggr_Prefix.pch;
				GCC_VERSION = com.apple.compilers.llvmgcc42;
				HEADER_SEARCH_PATHS = (
					"../../pers/Build/Products/three20//**",
					../../dev/exoLib/,
				);
				INFOPLIST_FILE = "Taggr-Info.plist";
				OTHER_LDFLAGS = (
					"-ObjC",
					"-all_load",
				);
				PRODUCT_NAME = Taggr;
				"PROVISIONING_PROFILE[sdk=iphoneos*]" = "236484F0-4760-4589-85C0-BB3A619645C4";
				VALIDATE_PRODUCT = YES;
			};
			name = AdHoc;
		};
		C01FCF4F08A954540054247B /* Debug */ = {
			isa = XCBuildConfiguration;
			buildSettings = {
				ARCHS = "$(ARCHS_STANDARD_32_BIT)";
				"CODE_SIGN_IDENTITY[sdk=iphoneos*]" = "iPhone Developer";
				GCC_C_LANGUAGE_STANDARD = c99;
				GCC_WARN_ABOUT_RETURN_TYPE = YES;
				GCC_WARN_UNUSED_VARIABLE = YES;
				SDKROOT = iphoneos;
				TARGETED_DEVICE_FAMILY = "1,2";
			};
			name = Debug;
		};
		C01FCF5008A954540054247B /* Release */ = {
			isa = XCBuildConfiguration;
			buildSettings = {
				ARCHS = "$(ARCHS_STANDARD_32_BIT)";
				"CODE_SIGN_IDENTITY[sdk=iphoneos*]" = "iPhone Developer";
				GCC_C_LANGUAGE_STANDARD = c99;
				GCC_WARN_ABOUT_RETURN_TYPE = YES;
				GCC_WARN_UNUSED_VARIABLE = YES;
				OTHER_CFLAGS = "-DNS_BLOCK_ASSERTIONS=1";
				SDKROOT = iphoneos;
				TARGETED_DEVICE_FAMILY = "1,2";
			};
			name = Release;
		};
/* End XCBuildConfiguration section */

/* Begin XCConfigurationList section */
		1D6058960D05DD3E006BFB54 /* Build configuration list for PBXNativeTarget "Taggr" */ = {
			isa = XCConfigurationList;
			buildConfigurations = (
				1D6058940D05DD3E006BFB54 /* Debug */,
				1D6058950D05DD3E006BFB54 /* Release */,
				7974F892142D5C52001FA1E8 /* AdHoc */,
			);
			defaultConfigurationIsVisible = 0;
			defaultConfigurationName = Release;
		};
		C01FCF4E08A954540054247B /* Build configuration list for PBXProject "Taggr" */ = {
			isa = XCConfigurationList;
			buildConfigurations = (
				C01FCF4F08A954540054247B /* Debug */,
				C01FCF5008A954540054247B /* Release */,
				7974F891142D5C52001FA1E8 /* AdHoc */,
			);
			defaultConfigurationIsVisible = 0;
			defaultConfigurationName = Release;
		};
/* End XCConfigurationList section */

/* Begin XCVersionGroup section */
		2819307C112F81BE00ECF9B4 /* Taggr.xcdatamodeld */ = {
			isa = XCVersionGroup;
			children = (
				79F562E11418F92C00CFB103 /* Taggr v2.xcdatamodel */,
				794298E2144A5CB80072139C /* Taggr v3.xcdatamodel */,
				794298E3144A7ED00072139C /* Taggr v4.xcdatamodel */,
				797E2A1B14549A7400E64287 /* Taggr v5.xcdatamodel */,
				2870939E111907710040F596 /* Taggr.xcdatamodel */,
			);
			currentVersion = 797E2A1B14549A7400E64287 /* Taggr v5.xcdatamodel */;
			name = Taggr.xcdatamodeld;
			path = Shared/Taggr.xcdatamodeld;
			sourceTree = "<group>";
			versionGroupType = wrapper.xcdatamodel;
		};
/* End XCVersionGroup section */
	};
	rootObject = 29B97313FDCFA39411CA2CEA /* Project object */;
}
